// !$*UTF8*$!
{
	archiveVersion = 1;
	classes = {
	};
	objectVersion = 50;
	objects = {

/* Begin PBXBuildFile section */
		C95A94268AE058029B715AE8 /* libPods-Notes.a in Frameworks */ = {isa = PBXBuildFile; fileRef = 12F3B1B892B3EFDE97F80DAA /* libPods-Notes.a */; };
		FF06914B22FDB5FF00023838 /* GistTest.swift in Sources */ = {isa = PBXBuildFile; fileRef = FF06914A22FDB5FF00023838 /* GistTest.swift */; };
		FF06919A22FEF14100023838 /* BackendDataLoader.swift in Sources */ = {isa = PBXBuildFile; fileRef = FF06919922FEF14100023838 /* BackendDataLoader.swift */; };
		FF06919F22FF1C3D00023838 /* GistPostResponce.swift in Sources */ = {isa = PBXBuildFile; fileRef = FF06919E22FF1C3D00023838 /* GistPostResponce.swift */; };
		FF0691AB230025E600023838 /* AuthViewController.swift in Sources */ = {isa = PBXBuildFile; fileRef = FF0691AA230025E600023838 /* AuthViewController.swift */; };
		FF0691AD23002D6F00023838 /* AuthGitHub.swift in Sources */ = {isa = PBXBuildFile; fileRef = FF0691AC23002D6F00023838 /* AuthGitHub.swift */; };
		FF0FD47822D36A43002E4D93 /* ColorPickerController.swift in Sources */ = {isa = PBXBuildFile; fileRef = FF0FD47722D36A43002E4D93 /* ColorPickerController.swift */; };
		FF0FD47D22D61FF3002E4D93 /* ColorPickerView.swift in Sources */ = {isa = PBXBuildFile; fileRef = FF0FD47C22D61FF3002E4D93 /* ColorPickerView.swift */; };
		FF0FD48222D62106002E4D93 /* ColorPickerView.xib in Resources */ = {isa = PBXBuildFile; fileRef = FF0FD48122D62106002E4D93 /* ColorPickerView.xib */; };
		FF2D91A322C0DFE1001210DE /* AppDelegate.swift in Sources */ = {isa = PBXBuildFile; fileRef = FF2D91A222C0DFE1001210DE /* AppDelegate.swift */; };
		FF2D91A522C0DFE1001210DE /* EditNoteController.swift in Sources */ = {isa = PBXBuildFile; fileRef = FF2D91A422C0DFE1001210DE /* EditNoteController.swift */; };
		FF2D91A822C0DFE1001210DE /* Main.storyboard in Resources */ = {isa = PBXBuildFile; fileRef = FF2D91A622C0DFE1001210DE /* Main.storyboard */; };
		FF2D91AA22C0DFE2001210DE /* Assets.xcassets in Resources */ = {isa = PBXBuildFile; fileRef = FF2D91A922C0DFE2001210DE /* Assets.xcassets */; };
		FF2D91AD22C0DFE2001210DE /* LaunchScreen.storyboard in Resources */ = {isa = PBXBuildFile; fileRef = FF2D91AB22C0DFE2001210DE /* LaunchScreen.storyboard */; };
		FF55EECF22F0A08B0022A55E /* AsyncOperation.swift in Sources */ = {isa = PBXBuildFile; fileRef = FF55EECB22F0A08B0022A55E /* AsyncOperation.swift */; };
		FF55EED222F0A08B0022A55E /* SaveNoteOperation.swift in Sources */ = {isa = PBXBuildFile; fileRef = FF55EECE22F0A08B0022A55E /* SaveNoteOperation.swift */; };
		FF55EEDB22F0A2730022A55E /* BaseBackendOperation.swift in Sources */ = {isa = PBXBuildFile; fileRef = FF55EED922F0A2730022A55E /* BaseBackendOperation.swift */; };
		FF55EEDC22F0A2730022A55E /* SaveNotesBackendOperation.swift in Sources */ = {isa = PBXBuildFile; fileRef = FF55EEDA22F0A2730022A55E /* SaveNotesBackendOperation.swift */; };
		FF55EEE022F0A27E0022A55E /* SaveNoteDBOperation.swift in Sources */ = {isa = PBXBuildFile; fileRef = FF55EEDE22F0A27E0022A55E /* SaveNoteDBOperation.swift */; };
		FF55EEE122F0A27E0022A55E /* BaseDBOperation.swift in Sources */ = {isa = PBXBuildFile; fileRef = FF55EEDF22F0A27E0022A55E /* BaseDBOperation.swift */; };
		FF55EEE322F0A4E40022A55E /* LoadNotesBackendOperation.swift in Sources */ = {isa = PBXBuildFile; fileRef = FF55EEE222F0A4E40022A55E /* LoadNotesBackendOperation.swift */; };
		FF55EEE522F0BBB30022A55E /* LoadNotesDBOperation.swift in Sources */ = {isa = PBXBuildFile; fileRef = FF55EEE422F0BBB30022A55E /* LoadNotesDBOperation.swift */; };
		FF55EEE722F0CB210022A55E /* RemoveNoteDBOperation.swift in Sources */ = {isa = PBXBuildFile; fileRef = FF55EEE622F0CB210022A55E /* RemoveNoteDBOperation.swift */; };
		FF55EEEA22F0CC480022A55E /* LoadNotesOperation.swift in Sources */ = {isa = PBXBuildFile; fileRef = FF55EEE922F0CC480022A55E /* LoadNotesOperation.swift */; };
		FF55EEEC22F0FBB90022A55E /* RemoveNoteOperation.swift in Sources */ = {isa = PBXBuildFile; fileRef = FF55EEEB22F0FBB90022A55E /* RemoveNoteOperation.swift */; };
		FF63AE8F22E47BBF00E00720 /* NoteTableViewCell.swift in Sources */ = {isa = PBXBuildFile; fileRef = FF63AE8D22E47BBF00E00720 /* NoteTableViewCell.swift */; };
		FF63AE9022E47BBF00E00720 /* NoteTableViewCell.xib in Resources */ = {isa = PBXBuildFile; fileRef = FF63AE8E22E47BBF00E00720 /* NoteTableViewCell.xib */; };
		FF63AE9422E4963D00E00720 /* GalleryController.swift in Sources */ = {isa = PBXBuildFile; fileRef = FF63AE9322E4963D00E00720 /* GalleryController.swift */; };
		FF63AE9622E4973D00E00720 /* GalleryCell.swift in Sources */ = {isa = PBXBuildFile; fileRef = FF63AE9522E4973D00E00720 /* GalleryCell.swift */; };
		FF70A0C522FD617600025A96 /* Gist.swift in Sources */ = {isa = PBXBuildFile; fileRef = FF70A0C422FD617600025A96 /* Gist.swift */; };
		FF70A0C722FD61E900025A96 /* GistFile.swift in Sources */ = {isa = PBXBuildFile; fileRef = FF70A0C622FD61E900025A96 /* GistFile.swift */; };
		FF80DA8F22CE20DA007CC61D /* EditNoteView.xib in Resources */ = {isa = PBXBuildFile; fileRef = FF80DA8E22CE20DA007CC61D /* EditNoteView.xib */; };
		FF80DA9122CE2B32007CC61D /* EditNoteView.swift in Sources */ = {isa = PBXBuildFile; fileRef = FF80DA9022CE2B32007CC61D /* EditNoteView.swift */; };
		FF99661222C0E047004299F3 /* Note.swift in Sources */ = {isa = PBXBuildFile; fileRef = FF99660F22C0E047004299F3 /* Note.swift */; };
		FF99661322C0E047004299F3 /* Extensions.swift in Sources */ = {isa = PBXBuildFile; fileRef = FF99661022C0E047004299F3 /* Extensions.swift */; };
		FF99661422C0E047004299F3 /* FileNotebook.swift in Sources */ = {isa = PBXBuildFile; fileRef = FF99661122C0E047004299F3 /* FileNotebook.swift */; };
		FFA4772C22E4AE1A00EF66C4 /* ImageController.swift in Sources */ = {isa = PBXBuildFile; fileRef = FFA4772B22E4AE1A00EF66C4 /* ImageController.swift */; };
		FFCC056222C774A4003E9191 /* NotesUITests.swift in Sources */ = {isa = PBXBuildFile; fileRef = FFCC056122C774A4003E9191 /* NotesUITests.swift */; };
		FFCC056E22C77AF4003E9191 /* NotebookTestCase.swift in Sources */ = {isa = PBXBuildFile; fileRef = FFCC056D22C77AF4003E9191 /* NotebookTestCase.swift */; };
		FFCC057022C78BBF003E9191 /* NoteExtensionsTestCase.swift in Sources */ = {isa = PBXBuildFile; fileRef = FFCC056F22C78BBF003E9191 /* NoteExtensionsTestCase.swift */; };
		FFFD22BF22E0E64900880908 /* NotesListController.swift in Sources */ = {isa = PBXBuildFile; fileRef = FFFD22BE22E0E64900880908 /* NotesListController.swift */; };
/* End PBXBuildFile section */

/* Begin PBXContainerItemProxy section */
		FFCC055422C77481003E9191 /* PBXContainerItemProxy */ = {
			isa = PBXContainerItemProxy;
			containerPortal = FF2D919722C0DFE1001210DE /* Project object */;
			proxyType = 1;
			remoteGlobalIDString = FF2D919E22C0DFE1001210DE;
			remoteInfo = Notes;
		};
		FFCC056422C774A4003E9191 /* PBXContainerItemProxy */ = {
			isa = PBXContainerItemProxy;
			containerPortal = FF2D919722C0DFE1001210DE /* Project object */;
			proxyType = 1;
			remoteGlobalIDString = FF2D919E22C0DFE1001210DE;
			remoteInfo = Notes;
		};
/* End PBXContainerItemProxy section */

/* Begin PBXFileReference section */
		049854DC6AD172AD4571EBCD /* Pods-Notes.release.xcconfig */ = {isa = PBXFileReference; includeInIndex = 1; lastKnownFileType = text.xcconfig; name = "Pods-Notes.release.xcconfig"; path = "Target Support Files/Pods-Notes/Pods-Notes.release.xcconfig"; sourceTree = "<group>"; };
		12F3B1B892B3EFDE97F80DAA /* libPods-Notes.a */ = {isa = PBXFileReference; explicitFileType = archive.ar; includeInIndex = 0; path = "libPods-Notes.a"; sourceTree = BUILT_PRODUCTS_DIR; };
		84D4C3ED450208131F702602 /* Pods-Notes.pay.xcconfig */ = {isa = PBXFileReference; includeInIndex = 1; lastKnownFileType = text.xcconfig; name = "Pods-Notes.pay.xcconfig"; path = "Target Support Files/Pods-Notes/Pods-Notes.pay.xcconfig"; sourceTree = "<group>"; };
		8A3039440254E2AD6FFB1FEB /* Pods-Notes.free.xcconfig */ = {isa = PBXFileReference; includeInIndex = 1; lastKnownFileType = text.xcconfig; name = "Pods-Notes.free.xcconfig"; path = "Target Support Files/Pods-Notes/Pods-Notes.free.xcconfig"; sourceTree = "<group>"; };
		F5F5F8C2AF74A4AC283FF4B7 /* Pods-Notes.debug.xcconfig */ = {isa = PBXFileReference; includeInIndex = 1; lastKnownFileType = text.xcconfig; name = "Pods-Notes.debug.xcconfig"; path = "Target Support Files/Pods-Notes/Pods-Notes.debug.xcconfig"; sourceTree = "<group>"; };
		FF06914A22FDB5FF00023838 /* GistTest.swift */ = {isa = PBXFileReference; lastKnownFileType = sourcecode.swift; path = GistTest.swift; sourceTree = "<group>"; };
		FF06919922FEF14100023838 /* BackendDataLoader.swift */ = {isa = PBXFileReference; lastKnownFileType = sourcecode.swift; path = BackendDataLoader.swift; sourceTree = "<group>"; };
		FF06919E22FF1C3D00023838 /* GistPostResponce.swift */ = {isa = PBXFileReference; lastKnownFileType = sourcecode.swift; path = GistPostResponce.swift; sourceTree = "<group>"; };
		FF0691AA230025E600023838 /* AuthViewController.swift */ = {isa = PBXFileReference; lastKnownFileType = sourcecode.swift; path = AuthViewController.swift; sourceTree = "<group>"; };
		FF0691AC23002D6F00023838 /* AuthGitHub.swift */ = {isa = PBXFileReference; lastKnownFileType = sourcecode.swift; path = AuthGitHub.swift; sourceTree = "<group>"; };
		FF0FD47722D36A43002E4D93 /* ColorPickerController.swift */ = {isa = PBXFileReference; lastKnownFileType = sourcecode.swift; path = ColorPickerController.swift; sourceTree = "<group>"; };
		FF0FD47C22D61FF3002E4D93 /* ColorPickerView.swift */ = {isa = PBXFileReference; lastKnownFileType = sourcecode.swift; path = ColorPickerView.swift; sourceTree = "<group>"; };
		FF0FD48122D62106002E4D93 /* ColorPickerView.xib */ = {isa = PBXFileReference; lastKnownFileType = file.xib; path = ColorPickerView.xib; sourceTree = "<group>"; };
		FF14418E22C22A5E005F5AF8 /* Free.xcconfig */ = {isa = PBXFileReference; lastKnownFileType = text.xcconfig; path = Free.xcconfig; sourceTree = "<group>"; };
		FF14419122C22A9C005F5AF8 /* Pay.xcconfig */ = {isa = PBXFileReference; lastKnownFileType = text.xcconfig; path = Pay.xcconfig; sourceTree = "<group>"; };
		FF14419222C22B7C005F5AF8 /* Debug.xcconfig */ = {isa = PBXFileReference; lastKnownFileType = text.xcconfig; path = Debug.xcconfig; sourceTree = "<group>"; };
		FF14419322C22B89005F5AF8 /* Release.xcconfig */ = {isa = PBXFileReference; lastKnownFileType = text.xcconfig; path = Release.xcconfig; sourceTree = "<group>"; };
		FF2D919F22C0DFE1001210DE /* Notes.app */ = {isa = PBXFileReference; explicitFileType = wrapper.application; includeInIndex = 0; path = Notes.app; sourceTree = BUILT_PRODUCTS_DIR; };
		FF2D91A222C0DFE1001210DE /* AppDelegate.swift */ = {isa = PBXFileReference; lastKnownFileType = sourcecode.swift; path = AppDelegate.swift; sourceTree = "<group>"; };
		FF2D91A422C0DFE1001210DE /* EditNoteController.swift */ = {isa = PBXFileReference; lastKnownFileType = sourcecode.swift; path = EditNoteController.swift; sourceTree = "<group>"; };
		FF2D91A722C0DFE1001210DE /* Base */ = {isa = PBXFileReference; lastKnownFileType = file.storyboard; name = Base; path = Base.lproj/Main.storyboard; sourceTree = "<group>"; };
		FF2D91A922C0DFE2001210DE /* Assets.xcassets */ = {isa = PBXFileReference; lastKnownFileType = folder.assetcatalog; path = Assets.xcassets; sourceTree = "<group>"; };
		FF2D91AC22C0DFE2001210DE /* Base */ = {isa = PBXFileReference; lastKnownFileType = file.storyboard; name = Base; path = Base.lproj/LaunchScreen.storyboard; sourceTree = "<group>"; };
		FF2D91AE22C0DFE2001210DE /* Info.plist */ = {isa = PBXFileReference; lastKnownFileType = text.plist.xml; path = Info.plist; sourceTree = "<group>"; };
		FF55EECB22F0A08B0022A55E /* AsyncOperation.swift */ = {isa = PBXFileReference; fileEncoding = 4; lastKnownFileType = sourcecode.swift; path = AsyncOperation.swift; sourceTree = "<group>"; };
		FF55EECE22F0A08B0022A55E /* SaveNoteOperation.swift */ = {isa = PBXFileReference; fileEncoding = 4; lastKnownFileType = sourcecode.swift; path = SaveNoteOperation.swift; sourceTree = "<group>"; };
		FF55EED922F0A2730022A55E /* BaseBackendOperation.swift */ = {isa = PBXFileReference; fileEncoding = 4; lastKnownFileType = sourcecode.swift; path = BaseBackendOperation.swift; sourceTree = "<group>"; };
		FF55EEDA22F0A2730022A55E /* SaveNotesBackendOperation.swift */ = {isa = PBXFileReference; fileEncoding = 4; lastKnownFileType = sourcecode.swift; path = SaveNotesBackendOperation.swift; sourceTree = "<group>"; };
		FF55EEDE22F0A27E0022A55E /* SaveNoteDBOperation.swift */ = {isa = PBXFileReference; fileEncoding = 4; lastKnownFileType = sourcecode.swift; path = SaveNoteDBOperation.swift; sourceTree = "<group>"; };
		FF55EEDF22F0A27E0022A55E /* BaseDBOperation.swift */ = {isa = PBXFileReference; fileEncoding = 4; lastKnownFileType = sourcecode.swift; path = BaseDBOperation.swift; sourceTree = "<group>"; };
		FF55EEE222F0A4E40022A55E /* LoadNotesBackendOperation.swift */ = {isa = PBXFileReference; lastKnownFileType = sourcecode.swift; path = LoadNotesBackendOperation.swift; sourceTree = "<group>"; };
		FF55EEE422F0BBB30022A55E /* LoadNotesDBOperation.swift */ = {isa = PBXFileReference; lastKnownFileType = sourcecode.swift; path = LoadNotesDBOperation.swift; sourceTree = "<group>"; };
		FF55EEE622F0CB210022A55E /* RemoveNoteDBOperation.swift */ = {isa = PBXFileReference; lastKnownFileType = sourcecode.swift; path = RemoveNoteDBOperation.swift; sourceTree = "<group>"; };
		FF55EEE922F0CC480022A55E /* LoadNotesOperation.swift */ = {isa = PBXFileReference; lastKnownFileType = sourcecode.swift; path = LoadNotesOperation.swift; sourceTree = "<group>"; };
		FF55EEEB22F0FBB90022A55E /* RemoveNoteOperation.swift */ = {isa = PBXFileReference; lastKnownFileType = sourcecode.swift; path = RemoveNoteOperation.swift; sourceTree = "<group>"; };
		FF63AE8D22E47BBF00E00720 /* NoteTableViewCell.swift */ = {isa = PBXFileReference; lastKnownFileType = sourcecode.swift; path = NoteTableViewCell.swift; sourceTree = "<group>"; };
		FF63AE8E22E47BBF00E00720 /* NoteTableViewCell.xib */ = {isa = PBXFileReference; lastKnownFileType = file.xib; path = NoteTableViewCell.xib; sourceTree = "<group>"; };
		FF63AE9322E4963D00E00720 /* GalleryController.swift */ = {isa = PBXFileReference; lastKnownFileType = sourcecode.swift; path = GalleryController.swift; sourceTree = "<group>"; };
		FF63AE9522E4973D00E00720 /* GalleryCell.swift */ = {isa = PBXFileReference; lastKnownFileType = sourcecode.swift; path = GalleryCell.swift; sourceTree = "<group>"; };
		FF70A0C422FD617600025A96 /* Gist.swift */ = {isa = PBXFileReference; lastKnownFileType = sourcecode.swift; path = Gist.swift; sourceTree = "<group>"; };
		FF70A0C622FD61E900025A96 /* GistFile.swift */ = {isa = PBXFileReference; lastKnownFileType = sourcecode.swift; path = GistFile.swift; sourceTree = "<group>"; };
		FF80DA8E22CE20DA007CC61D /* EditNoteView.xib */ = {isa = PBXFileReference; lastKnownFileType = file.xib; path = EditNoteView.xib; sourceTree = "<group>"; };
		FF80DA9022CE2B32007CC61D /* EditNoteView.swift */ = {isa = PBXFileReference; lastKnownFileType = sourcecode.swift; path = EditNoteView.swift; sourceTree = "<group>"; };
		FF99660F22C0E047004299F3 /* Note.swift */ = {isa = PBXFileReference; fileEncoding = 4; lastKnownFileType = sourcecode.swift; path = Note.swift; sourceTree = "<group>"; };
		FF99661022C0E047004299F3 /* Extensions.swift */ = {isa = PBXFileReference; fileEncoding = 4; lastKnownFileType = sourcecode.swift; path = Extensions.swift; sourceTree = "<group>"; };
		FF99661122C0E047004299F3 /* FileNotebook.swift */ = {isa = PBXFileReference; fileEncoding = 4; lastKnownFileType = sourcecode.swift; path = FileNotebook.swift; sourceTree = "<group>"; };
		FFA4772B22E4AE1A00EF66C4 /* ImageController.swift */ = {isa = PBXFileReference; lastKnownFileType = sourcecode.swift; path = ImageController.swift; sourceTree = "<group>"; };
		FFCC054F22C77481003E9191 /* NotesTests.xctest */ = {isa = PBXFileReference; explicitFileType = wrapper.cfbundle; includeInIndex = 0; path = NotesTests.xctest; sourceTree = BUILT_PRODUCTS_DIR; };
		FFCC055322C77481003E9191 /* Info.plist */ = {isa = PBXFileReference; lastKnownFileType = text.plist.xml; path = Info.plist; sourceTree = "<group>"; };
		FFCC055F22C774A4003E9191 /* NotesUITests.xctest */ = {isa = PBXFileReference; explicitFileType = wrapper.cfbundle; includeInIndex = 0; path = NotesUITests.xctest; sourceTree = BUILT_PRODUCTS_DIR; };
		FFCC056122C774A4003E9191 /* NotesUITests.swift */ = {isa = PBXFileReference; lastKnownFileType = sourcecode.swift; path = NotesUITests.swift; sourceTree = "<group>"; };
		FFCC056322C774A4003E9191 /* Info.plist */ = {isa = PBXFileReference; lastKnownFileType = text.plist.xml; path = Info.plist; sourceTree = "<group>"; };
		FFCC056D22C77AF4003E9191 /* NotebookTestCase.swift */ = {isa = PBXFileReference; lastKnownFileType = sourcecode.swift; path = NotebookTestCase.swift; sourceTree = "<group>"; };
		FFCC056F22C78BBF003E9191 /* NoteExtensionsTestCase.swift */ = {isa = PBXFileReference; lastKnownFileType = sourcecode.swift; path = NoteExtensionsTestCase.swift; sourceTree = "<group>"; };
		FFFD22BE22E0E64900880908 /* NotesListController.swift */ = {isa = PBXFileReference; lastKnownFileType = sourcecode.swift; path = NotesListController.swift; sourceTree = "<group>"; };
/* End PBXFileReference section */

/* Begin PBXFrameworksBuildPhase section */
		FF2D919C22C0DFE1001210DE /* Frameworks */ = {
			isa = PBXFrameworksBuildPhase;
			buildActionMask = 2147483647;
			files = (
				C95A94268AE058029B715AE8 /* libPods-Notes.a in Frameworks */,
			);
			runOnlyForDeploymentPostprocessing = 0;
		};
		FFCC054C22C77481003E9191 /* Frameworks */ = {
			isa = PBXFrameworksBuildPhase;
			buildActionMask = 2147483647;
			files = (
			);
			runOnlyForDeploymentPostprocessing = 0;
		};
		FFCC055C22C774A4003E9191 /* Frameworks */ = {
			isa = PBXFrameworksBuildPhase;
			buildActionMask = 2147483647;
			files = (
			);
			runOnlyForDeploymentPostprocessing = 0;
		};
/* End PBXFrameworksBuildPhase section */

/* Begin PBXGroup section */
		1DCE9391728673762F6B0F84 /* Frameworks */ = {
			isa = PBXGroup;
			children = (
				12F3B1B892B3EFDE97F80DAA /* libPods-Notes.a */,
			);
			name = Frameworks;
			sourceTree = "<group>";
		};
		F0418A21B48E9AB387C4F273 /* Pods */ = {
			isa = PBXGroup;
			children = (
				F5F5F8C2AF74A4AC283FF4B7 /* Pods-Notes.debug.xcconfig */,
				84D4C3ED450208131F702602 /* Pods-Notes.pay.xcconfig */,
				8A3039440254E2AD6FFB1FEB /* Pods-Notes.free.xcconfig */,
				049854DC6AD172AD4571EBCD /* Pods-Notes.release.xcconfig */,
			);
			path = Pods;
			sourceTree = "<group>";
		};
		FF06919D22FEF8A400023838 /* DataLoader */ = {
			isa = PBXGroup;
			children = (
				FF06919922FEF14100023838 /* BackendDataLoader.swift */,
			);
			path = DataLoader;
			sourceTree = "<group>";
		};
		FF0691A9230025BA00023838 /* Auth */ = {
			isa = PBXGroup;
			children = (
				FF0691AA230025E600023838 /* AuthViewController.swift */,
			);
			path = Auth;
			sourceTree = "<group>";
		};
		FF0FD47922D49E79002E4D93 /* Color picker */ = {
			isa = PBXGroup;
			children = (
				FF0FD47722D36A43002E4D93 /* ColorPickerController.swift */,
				FF0FD47E22D61FFE002E4D93 /* Color picker view */,
			);
			path = "Color picker";
			sourceTree = "<group>";
		};
		FF0FD47A22D49EAA002E4D93 /* Story board */ = {
			isa = PBXGroup;
			children = (
				FF2D91AB22C0DFE2001210DE /* LaunchScreen.storyboard */,
				FF2D91A622C0DFE1001210DE /* Main.storyboard */,
			);
			path = "Story board";
			sourceTree = "<group>";
		};
		FF0FD47B22D49EC7002E4D93 /* Edit note view */ = {
			isa = PBXGroup;
			children = (
				FF80DA8E22CE20DA007CC61D /* EditNoteView.xib */,
				FF80DA9022CE2B32007CC61D /* EditNoteView.swift */,
			);
			path = "Edit note view";
			sourceTree = "<group>";
		};
		FF0FD47E22D61FFE002E4D93 /* Color picker view */ = {
			isa = PBXGroup;
			children = (
				FF0FD48122D62106002E4D93 /* ColorPickerView.xib */,
				FF0FD47C22D61FF3002E4D93 /* ColorPickerView.swift */,
			);
			path = "Color picker view";
			sourceTree = "<group>";
		};
		FF2D919622C0DFE1001210DE = {
			isa = PBXGroup;
			children = (
				FF14419322C22B89005F5AF8 /* Release.xcconfig */,
				FF14419222C22B7C005F5AF8 /* Debug.xcconfig */,
				FF14419122C22A9C005F5AF8 /* Pay.xcconfig */,
				FF14418E22C22A5E005F5AF8 /* Free.xcconfig */,
				FF2D91A122C0DFE1001210DE /* Notes */,
				FFCC055022C77481003E9191 /* NotesTests */,
				FFCC056022C774A4003E9191 /* NotesUITests */,
				FF2D91A022C0DFE1001210DE /* Products */,
				F0418A21B48E9AB387C4F273 /* Pods */,
				1DCE9391728673762F6B0F84 /* Frameworks */,
			);
			sourceTree = "<group>";
		};
		FF2D91A022C0DFE1001210DE /* Products */ = {
			isa = PBXGroup;
			children = (
				FF2D919F22C0DFE1001210DE /* Notes.app */,
				FFCC054F22C77481003E9191 /* NotesTests.xctest */,
				FFCC055F22C774A4003E9191 /* NotesUITests.xctest */,
			);
			name = Products;
			sourceTree = "<group>";
		};
		FF2D91A122C0DFE1001210DE /* Notes */ = {
			isa = PBXGroup;
			children = (
				FF0691A9230025BA00023838 /* Auth */,
				FF55EECA22F09EBB0022A55E /* Operations */,
				FF99660E22C0E02E004299F3 /* Model */,
				FF0FD47A22D49EAA002E4D93 /* Story board */,
				FFFA77A922E45E880043FD1B /* Notes list */,
				FFFA77AA22E45E9D0043FD1B /* Edit note */,
				FF0FD47922D49E79002E4D93 /* Color picker */,
				FF63AE9222E4959300E00720 /* Gallery */,
				FFA4772D22E4AE2400EF66C4 /* Image */,
				FF2D91A222C0DFE1001210DE /* AppDelegate.swift */,
				FF2D91A922C0DFE2001210DE /* Assets.xcassets */,
				FF2D91AE22C0DFE2001210DE /* Info.plist */,
			);
			path = Notes;
			sourceTree = "<group>";
		};
		FF55EECA22F09EBB0022A55E /* Operations */ = {
			isa = PBXGroup;
			children = (
				FF55EEDD22F0A27E0022A55E /* DBOperations */,
				FF55EED822F0A2730022A55E /* BackendOpertations */,
				FF55EECB22F0A08B0022A55E /* AsyncOperation.swift */,
				FF55EECE22F0A08B0022A55E /* SaveNoteOperation.swift */,
				FF55EEE922F0CC480022A55E /* LoadNotesOperation.swift */,
				FF55EEEB22F0FBB90022A55E /* RemoveNoteOperation.swift */,
			);
			path = Operations;
			sourceTree = "<group>";
		};
		FF55EED822F0A2730022A55E /* BackendOpertations */ = {
			isa = PBXGroup;
			children = (
				FF55EED922F0A2730022A55E /* BaseBackendOperation.swift */,
				FF55EEDA22F0A2730022A55E /* SaveNotesBackendOperation.swift */,
				FF55EEE222F0A4E40022A55E /* LoadNotesBackendOperation.swift */,
				FF06919D22FEF8A400023838 /* DataLoader */,
			);
			path = BackendOpertations;
			sourceTree = "<group>";
		};
		FF55EEDD22F0A27E0022A55E /* DBOperations */ = {
			isa = PBXGroup;
			children = (
				FF55EEDF22F0A27E0022A55E /* BaseDBOperation.swift */,
				FF55EEDE22F0A27E0022A55E /* SaveNoteDBOperation.swift */,
				FF55EEE422F0BBB30022A55E /* LoadNotesDBOperation.swift */,
				FF55EEE622F0CB210022A55E /* RemoveNoteDBOperation.swift */,
			);
			path = DBOperations;
			sourceTree = "<group>";
		};
		FF63AE9122E48D9100E00720 /* Note table cell */ = {
			isa = PBXGroup;
			children = (
				FF63AE8D22E47BBF00E00720 /* NoteTableViewCell.swift */,
				FF63AE8E22E47BBF00E00720 /* NoteTableViewCell.xib */,
			);
			path = "Note table cell";
			sourceTree = "<group>";
		};
		FF63AE9222E4959300E00720 /* Gallery */ = {
			isa = PBXGroup;
			children = (
				FF63AE9522E4973D00E00720 /* GalleryCell.swift */,
				FF63AE9322E4963D00E00720 /* GalleryController.swift */,
			);
			path = Gallery;
			sourceTree = "<group>";
		};
		FF99660E22C0E02E004299F3 /* Model */ = {
			isa = PBXGroup;
			children = (
				FF99661122C0E047004299F3 /* FileNotebook.swift */,
				FF99660F22C0E047004299F3 /* Note.swift */,
				FF99661022C0E047004299F3 /* Extensions.swift */,
				FF70A0C422FD617600025A96 /* Gist.swift */,
				FF70A0C622FD61E900025A96 /* GistFile.swift */,
				FF06919E22FF1C3D00023838 /* GistPostResponce.swift */,
				FF0691AC23002D6F00023838 /* AuthGitHub.swift */,
			);
			path = Model;
			sourceTree = "<group>";
		};
		FFA4772D22E4AE2400EF66C4 /* Image */ = {
			isa = PBXGroup;
			children = (
				FFA4772B22E4AE1A00EF66C4 /* ImageController.swift */,
			);
			path = Image;
			sourceTree = "<group>";
		};
		FFCC055022C77481003E9191 /* NotesTests */ = {
			isa = PBXGroup;
			children = (
				FF06914A22FDB5FF00023838 /* GistTest.swift */,
				FFCC055322C77481003E9191 /* Info.plist */,
				FFCC056D22C77AF4003E9191 /* NotebookTestCase.swift */,
				FFCC056F22C78BBF003E9191 /* NoteExtensionsTestCase.swift */,
			);
			path = NotesTests;
			sourceTree = "<group>";
		};
		FFCC056022C774A4003E9191 /* NotesUITests */ = {
			isa = PBXGroup;
			children = (
				FFCC056122C774A4003E9191 /* NotesUITests.swift */,
				FFCC056322C774A4003E9191 /* Info.plist */,
			);
			path = NotesUITests;
			sourceTree = "<group>";
		};
		FFFA77A922E45E880043FD1B /* Notes list */ = {
			isa = PBXGroup;
			children = (
				FFFD22BE22E0E64900880908 /* NotesListController.swift */,
				FF63AE9122E48D9100E00720 /* Note table cell */,
			);
			path = "Notes list";
			sourceTree = "<group>";
		};
		FFFA77AA22E45E9D0043FD1B /* Edit note */ = {
			isa = PBXGroup;
			children = (
				FF2D91A422C0DFE1001210DE /* EditNoteController.swift */,
				FF0FD47B22D49EC7002E4D93 /* Edit note view */,
			);
			path = "Edit note";
			sourceTree = "<group>";
		};
/* End PBXGroup section */

/* Begin PBXNativeTarget section */
		FF2D919E22C0DFE1001210DE /* Notes */ = {
			isa = PBXNativeTarget;
			buildConfigurationList = FF2D91B122C0DFE2001210DE /* Build configuration list for PBXNativeTarget "Notes" */;
			buildPhases = (
				2E57BC165252E323007F63B4 /* [CP] Check Pods Manifest.lock */,
				FF2D919B22C0DFE1001210DE /* Sources */,
				FF2D919C22C0DFE1001210DE /* Frameworks */,
				FF2D919D22C0DFE1001210DE /* Resources */,
			);
			buildRules = (
			);
			dependencies = (
			);
			name = Notes;
			productName = Notes;
			productReference = FF2D919F22C0DFE1001210DE /* Notes.app */;
			productType = "com.apple.product-type.application";
		};
		FFCC054E22C77481003E9191 /* NotesTests */ = {
			isa = PBXNativeTarget;
			buildConfigurationList = FFCC055622C77481003E9191 /* Build configuration list for PBXNativeTarget "NotesTests" */;
			buildPhases = (
				FFCC054B22C77481003E9191 /* Sources */,
				FFCC054C22C77481003E9191 /* Frameworks */,
				FFCC054D22C77481003E9191 /* Resources */,
			);
			buildRules = (
			);
			dependencies = (
				FFCC055522C77481003E9191 /* PBXTargetDependency */,
			);
			name = NotesTests;
			productName = NotesTests;
			productReference = FFCC054F22C77481003E9191 /* NotesTests.xctest */;
			productType = "com.apple.product-type.bundle.unit-test";
		};
		FFCC055E22C774A4003E9191 /* NotesUITests */ = {
			isa = PBXNativeTarget;
			buildConfigurationList = FFCC056622C774A4003E9191 /* Build configuration list for PBXNativeTarget "NotesUITests" */;
			buildPhases = (
				FFCC055B22C774A4003E9191 /* Sources */,
				FFCC055C22C774A4003E9191 /* Frameworks */,
				FFCC055D22C774A4003E9191 /* Resources */,
			);
			buildRules = (
			);
			dependencies = (
				FFCC056522C774A4003E9191 /* PBXTargetDependency */,
			);
			name = NotesUITests;
			productName = NotesUITests;
			productReference = FFCC055F22C774A4003E9191 /* NotesUITests.xctest */;
			productType = "com.apple.product-type.bundle.ui-testing";
		};
/* End PBXNativeTarget section */

/* Begin PBXProject section */
		FF2D919722C0DFE1001210DE /* Project object */ = {
			isa = PBXProject;
			attributes = {
				LastSwiftUpdateCheck = 1020;
				LastUpgradeCheck = 1020;
				ORGANIZATIONNAME = "Natalia Kazakova";
				TargetAttributes = {
					FF2D919E22C0DFE1001210DE = {
						CreatedOnToolsVersion = 10.2.1;
					};
					FFCC054E22C77481003E9191 = {
						CreatedOnToolsVersion = 10.2.1;
						TestTargetID = FF2D919E22C0DFE1001210DE;
					};
					FFCC055E22C774A4003E9191 = {
						CreatedOnToolsVersion = 10.2.1;
						TestTargetID = FF2D919E22C0DFE1001210DE;
					};
				};
			};
			buildConfigurationList = FF2D919A22C0DFE1001210DE /* Build configuration list for PBXProject "Notes" */;
			compatibilityVersion = "Xcode 9.3";
			developmentRegion = en;
			hasScannedForEncodings = 0;
			knownRegions = (
				en,
				Base,
			);
			mainGroup = FF2D919622C0DFE1001210DE;
			productRefGroup = FF2D91A022C0DFE1001210DE /* Products */;
			projectDirPath = "";
			projectRoot = "";
			targets = (
				FF2D919E22C0DFE1001210DE /* Notes */,
				FFCC054E22C77481003E9191 /* NotesTests */,
				FFCC055E22C774A4003E9191 /* NotesUITests */,
			);
		};
/* End PBXProject section */

/* Begin PBXResourcesBuildPhase section */
		FF2D919D22C0DFE1001210DE /* Resources */ = {
			isa = PBXResourcesBuildPhase;
			buildActionMask = 2147483647;
			files = (
				FF2D91AD22C0DFE2001210DE /* LaunchScreen.storyboard in Resources */,
				FF80DA8F22CE20DA007CC61D /* EditNoteView.xib in Resources */,
				FF2D91AA22C0DFE2001210DE /* Assets.xcassets in Resources */,
				FF63AE9022E47BBF00E00720 /* NoteTableViewCell.xib in Resources */,
				FF0FD48222D62106002E4D93 /* ColorPickerView.xib in Resources */,
				FF2D91A822C0DFE1001210DE /* Main.storyboard in Resources */,
			);
			runOnlyForDeploymentPostprocessing = 0;
		};
		FFCC054D22C77481003E9191 /* Resources */ = {
			isa = PBXResourcesBuildPhase;
			buildActionMask = 2147483647;
			files = (
			);
			runOnlyForDeploymentPostprocessing = 0;
		};
		FFCC055D22C774A4003E9191 /* Resources */ = {
			isa = PBXResourcesBuildPhase;
			buildActionMask = 2147483647;
			files = (
			);
			runOnlyForDeploymentPostprocessing = 0;
		};
/* End PBXResourcesBuildPhase section */

/* Begin PBXShellScriptBuildPhase section */
		2E57BC165252E323007F63B4 /* [CP] Check Pods Manifest.lock */ = {
			isa = PBXShellScriptBuildPhase;
			buildActionMask = 2147483647;
			files = (
			);
			inputFileListPaths = (
			);
			inputPaths = (
				"${PODS_PODFILE_DIR_PATH}/Podfile.lock",
				"${PODS_ROOT}/Manifest.lock",
			);
			name = "[CP] Check Pods Manifest.lock";
			outputFileListPaths = (
			);
			outputPaths = (
				"$(DERIVED_FILE_DIR)/Pods-Notes-checkManifestLockResult.txt",
			);
			runOnlyForDeploymentPostprocessing = 0;
			shellPath = /bin/sh;
			shellScript = "diff \"${PODS_PODFILE_DIR_PATH}/Podfile.lock\" \"${PODS_ROOT}/Manifest.lock\" > /dev/null\nif [ $? != 0 ] ; then\n    # print error to STDERR\n    echo \"error: The sandbox is not in sync with the Podfile.lock. Run 'pod install' or update your CocoaPods installation.\" >&2\n    exit 1\nfi\n# This output is used by Xcode 'outputs' to avoid re-running this script phase.\necho \"SUCCESS\" > \"${SCRIPT_OUTPUT_FILE_0}\"\n";
			showEnvVarsInLog = 0;
		};
/* End PBXShellScriptBuildPhase section */

/* Begin PBXSourcesBuildPhase section */
		FF2D919B22C0DFE1001210DE /* Sources */ = {
			isa = PBXSourcesBuildPhase;
			buildActionMask = 2147483647;
			files = (
				FF63AE9622E4973D00E00720 /* GalleryCell.swift in Sources */,
				FF63AE9422E4963D00E00720 /* GalleryController.swift in Sources */,
				FF0FD47822D36A43002E4D93 /* ColorPickerController.swift in Sources */,
				FF99661422C0E047004299F3 /* FileNotebook.swift in Sources */,
				FF0691AD23002D6F00023838 /* AuthGitHub.swift in Sources */,
				FF06919F22FF1C3D00023838 /* GistPostResponce.swift in Sources */,
				FF70A0C722FD61E900025A96 /* GistFile.swift in Sources */,
				FF0691AB230025E600023838 /* AuthViewController.swift in Sources */,
				FF2D91A522C0DFE1001210DE /* EditNoteController.swift in Sources */,
				FF63AE8F22E47BBF00E00720 /* NoteTableViewCell.swift in Sources */,
				FF55EEDC22F0A2730022A55E /* SaveNotesBackendOperation.swift in Sources */,
				FF55EECF22F0A08B0022A55E /* AsyncOperation.swift in Sources */,
				FFA4772C22E4AE1A00EF66C4 /* ImageController.swift in Sources */,
				FF55EEEC22F0FBB90022A55E /* RemoveNoteOperation.swift in Sources */,
				FF55EEEA22F0CC480022A55E /* LoadNotesOperation.swift in Sources */,
				FF55EEE722F0CB210022A55E /* RemoveNoteDBOperation.swift in Sources */,
				FF99661322C0E047004299F3 /* Extensions.swift in Sources */,
				FF55EEDB22F0A2730022A55E /* BaseBackendOperation.swift in Sources */,
				FF55EED222F0A08B0022A55E /* SaveNoteOperation.swift in Sources */,
				FF55EEE322F0A4E40022A55E /* LoadNotesBackendOperation.swift in Sources */,
				FF55EEE022F0A27E0022A55E /* SaveNoteDBOperation.swift in Sources */,
				FF2D91A322C0DFE1001210DE /* AppDelegate.swift in Sources */,
				FF80DA9122CE2B32007CC61D /* EditNoteView.swift in Sources */,
				FF55EEE122F0A27E0022A55E /* BaseDBOperation.swift in Sources */,
				FF06919A22FEF14100023838 /* BackendDataLoader.swift in Sources */,
				FF70A0C522FD617600025A96 /* Gist.swift in Sources */,
				FF55EEE522F0BBB30022A55E /* LoadNotesDBOperation.swift in Sources */,
				FF0FD47D22D61FF3002E4D93 /* ColorPickerView.swift in Sources */,
				FFFD22BF22E0E64900880908 /* NotesListController.swift in Sources */,
				FF99661222C0E047004299F3 /* Note.swift in Sources */,
			);
			runOnlyForDeploymentPostprocessing = 0;
		};
		FFCC054B22C77481003E9191 /* Sources */ = {
			isa = PBXSourcesBuildPhase;
			buildActionMask = 2147483647;
			files = (
				FFCC057022C78BBF003E9191 /* NoteExtensionsTestCase.swift in Sources */,
				FF06914B22FDB5FF00023838 /* GistTest.swift in Sources */,
				FFCC056E22C77AF4003E9191 /* NotebookTestCase.swift in Sources */,
			);
			runOnlyForDeploymentPostprocessing = 0;
		};
		FFCC055B22C774A4003E9191 /* Sources */ = {
			isa = PBXSourcesBuildPhase;
			buildActionMask = 2147483647;
			files = (
				FFCC056222C774A4003E9191 /* NotesUITests.swift in Sources */,
			);
			runOnlyForDeploymentPostprocessing = 0;
		};
/* End PBXSourcesBuildPhase section */

/* Begin PBXTargetDependency section */
		FFCC055522C77481003E9191 /* PBXTargetDependency */ = {
			isa = PBXTargetDependency;
			target = FF2D919E22C0DFE1001210DE /* Notes */;
			targetProxy = FFCC055422C77481003E9191 /* PBXContainerItemProxy */;
		};
		FFCC056522C774A4003E9191 /* PBXTargetDependency */ = {
			isa = PBXTargetDependency;
			target = FF2D919E22C0DFE1001210DE /* Notes */;
			targetProxy = FFCC056422C774A4003E9191 /* PBXContainerItemProxy */;
		};
/* End PBXTargetDependency section */

/* Begin PBXVariantGroup section */
		FF2D91A622C0DFE1001210DE /* Main.storyboard */ = {
			isa = PBXVariantGroup;
			children = (
				FF2D91A722C0DFE1001210DE /* Base */,
			);
			name = Main.storyboard;
			sourceTree = "<group>";
		};
		FF2D91AB22C0DFE2001210DE /* LaunchScreen.storyboard */ = {
			isa = PBXVariantGroup;
			children = (
				FF2D91AC22C0DFE2001210DE /* Base */,
			);
			name = LaunchScreen.storyboard;
			sourceTree = "<group>";
		};
/* End PBXVariantGroup section */

/* Begin XCBuildConfiguration section */
		FF14418C22C229B1005F5AF8 /* Free */ = {
			isa = XCBuildConfiguration;
			baseConfigurationReference = FF14418E22C22A5E005F5AF8 /* Free.xcconfig */;
			buildSettings = {
				ALWAYS_SEARCH_USER_PATHS = NO;
				CLANG_ANALYZER_NONNULL = YES;
				CLANG_ANALYZER_NUMBER_OBJECT_CONVERSION = YES_AGGRESSIVE;
				CLANG_CXX_LANGUAGE_STANDARD = "gnu++14";
				CLANG_CXX_LIBRARY = "libc++";
				CLANG_ENABLE_MODULES = YES;
				CLANG_ENABLE_OBJC_ARC = YES;
				CLANG_ENABLE_OBJC_WEAK = YES;
				CLANG_WARN_BLOCK_CAPTURE_AUTORELEASING = YES;
				CLANG_WARN_BOOL_CONVERSION = YES;
				CLANG_WARN_COMMA = YES;
				CLANG_WARN_CONSTANT_CONVERSION = YES;
				CLANG_WARN_DEPRECATED_OBJC_IMPLEMENTATIONS = YES;
				CLANG_WARN_DIRECT_OBJC_ISA_USAGE = YES_ERROR;
				CLANG_WARN_DOCUMENTATION_COMMENTS = YES;
				CLANG_WARN_EMPTY_BODY = YES;
				CLANG_WARN_ENUM_CONVERSION = YES;
				CLANG_WARN_INFINITE_RECURSION = YES;
				CLANG_WARN_INT_CONVERSION = YES;
				CLANG_WARN_NON_LITERAL_NULL_CONVERSION = YES;
				CLANG_WARN_OBJC_IMPLICIT_RETAIN_SELF = YES;
				CLANG_WARN_OBJC_LITERAL_CONVERSION = YES;
				CLANG_WARN_OBJC_ROOT_CLASS = YES_ERROR;
				CLANG_WARN_RANGE_LOOP_ANALYSIS = YES;
				CLANG_WARN_STRICT_PROTOTYPES = YES;
				CLANG_WARN_SUSPICIOUS_MOVE = YES;
				CLANG_WARN_UNGUARDED_AVAILABILITY = YES_AGGRESSIVE;
				CLANG_WARN_UNREACHABLE_CODE = YES;
				CLANG_WARN__DUPLICATE_METHOD_MATCH = YES;
				CODE_SIGN_IDENTITY = "iPhone Developer";
				COPY_PHASE_STRIP = NO;
				DEBUG_INFORMATION_FORMAT = dwarf;
				ENABLE_STRICT_OBJC_MSGSEND = YES;
				ENABLE_TESTABILITY = YES;
				GCC_C_LANGUAGE_STANDARD = gnu11;
				GCC_DYNAMIC_NO_PIC = NO;
				GCC_NO_COMMON_BLOCKS = YES;
				GCC_OPTIMIZATION_LEVEL = 0;
				GCC_PREPROCESSOR_DEFINITIONS = (
					"DEBUG=1",
					"$(inherited)",
				);
				GCC_WARN_64_TO_32_BIT_CONVERSION = YES;
				GCC_WARN_ABOUT_RETURN_TYPE = YES_ERROR;
				GCC_WARN_UNDECLARED_SELECTOR = YES;
				GCC_WARN_UNINITIALIZED_AUTOS = YES_AGGRESSIVE;
				GCC_WARN_UNUSED_FUNCTION = YES;
				GCC_WARN_UNUSED_VARIABLE = YES;
				IPHONEOS_DEPLOYMENT_TARGET = 12.2;
				MTL_ENABLE_DEBUG_INFO = INCLUDE_SOURCE;
				MTL_FAST_MATH = YES;
				ONLY_ACTIVE_ARCH = YES;
				SDKROOT = iphoneos;
				SWIFT_ACTIVE_COMPILATION_CONDITIONS = DEBUG;
				SWIFT_OPTIMIZATION_LEVEL = "-Onone";
			};
			name = Free;
		};
		FF14418D22C229B1005F5AF8 /* Free */ = {
			isa = XCBuildConfiguration;
			baseConfigurationReference = FF14418E22C22A5E005F5AF8 /* Free.xcconfig */;
			buildSettings = {
				ASSETCATALOG_COMPILER_APPICON_NAME = "${Z_APP_ICON}";
				CODE_SIGN_STYLE = Automatic;
				DEVELOPMENT_TEAM = DLVL4AD94D;
				INFOPLIST_FILE = Notes/Info.plist;
				LD_RUNPATH_SEARCH_PATHS = (
					"$(inherited)",
					"@executable_path/Frameworks",
				);
				PRODUCT_BUNDLE_IDENTIFIER = ru.kazakovanet.Notes;
				PRODUCT_NAME = "$(TARGET_NAME)";
				SWIFT_VERSION = 5.0;
				TARGETED_DEVICE_FAMILY = 1;
			};
			name = Free;
		};
		FF14418F22C22A8B005F5AF8 /* Pay */ = {
			isa = XCBuildConfiguration;
			baseConfigurationReference = FF14419122C22A9C005F5AF8 /* Pay.xcconfig */;
			buildSettings = {
				ALWAYS_SEARCH_USER_PATHS = NO;
				CLANG_ANALYZER_NONNULL = YES;
				CLANG_ANALYZER_NUMBER_OBJECT_CONVERSION = YES_AGGRESSIVE;
				CLANG_CXX_LANGUAGE_STANDARD = "gnu++14";
				CLANG_CXX_LIBRARY = "libc++";
				CLANG_ENABLE_MODULES = YES;
				CLANG_ENABLE_OBJC_ARC = YES;
				CLANG_ENABLE_OBJC_WEAK = YES;
				CLANG_WARN_BLOCK_CAPTURE_AUTORELEASING = YES;
				CLANG_WARN_BOOL_CONVERSION = YES;
				CLANG_WARN_COMMA = YES;
				CLANG_WARN_CONSTANT_CONVERSION = YES;
				CLANG_WARN_DEPRECATED_OBJC_IMPLEMENTATIONS = YES;
				CLANG_WARN_DIRECT_OBJC_ISA_USAGE = YES_ERROR;
				CLANG_WARN_DOCUMENTATION_COMMENTS = YES;
				CLANG_WARN_EMPTY_BODY = YES;
				CLANG_WARN_ENUM_CONVERSION = YES;
				CLANG_WARN_INFINITE_RECURSION = YES;
				CLANG_WARN_INT_CONVERSION = YES;
				CLANG_WARN_NON_LITERAL_NULL_CONVERSION = YES;
				CLANG_WARN_OBJC_IMPLICIT_RETAIN_SELF = YES;
				CLANG_WARN_OBJC_LITERAL_CONVERSION = YES;
				CLANG_WARN_OBJC_ROOT_CLASS = YES_ERROR;
				CLANG_WARN_RANGE_LOOP_ANALYSIS = YES;
				CLANG_WARN_STRICT_PROTOTYPES = YES;
				CLANG_WARN_SUSPICIOUS_MOVE = YES;
				CLANG_WARN_UNGUARDED_AVAILABILITY = YES_AGGRESSIVE;
				CLANG_WARN_UNREACHABLE_CODE = YES;
				CLANG_WARN__DUPLICATE_METHOD_MATCH = YES;
				CODE_SIGN_IDENTITY = "iPhone Developer";
				COPY_PHASE_STRIP = NO;
				DEBUG_INFORMATION_FORMAT = dwarf;
				ENABLE_STRICT_OBJC_MSGSEND = YES;
				ENABLE_TESTABILITY = YES;
				GCC_C_LANGUAGE_STANDARD = gnu11;
				GCC_DYNAMIC_NO_PIC = NO;
				GCC_NO_COMMON_BLOCKS = YES;
				GCC_OPTIMIZATION_LEVEL = 0;
				GCC_PREPROCESSOR_DEFINITIONS = (
					"DEBUG=1",
					"$(inherited)",
				);
				GCC_WARN_64_TO_32_BIT_CONVERSION = YES;
				GCC_WARN_ABOUT_RETURN_TYPE = YES_ERROR;
				GCC_WARN_UNDECLARED_SELECTOR = YES;
				GCC_WARN_UNINITIALIZED_AUTOS = YES_AGGRESSIVE;
				GCC_WARN_UNUSED_FUNCTION = YES;
				GCC_WARN_UNUSED_VARIABLE = YES;
				IPHONEOS_DEPLOYMENT_TARGET = 12.2;
				MTL_ENABLE_DEBUG_INFO = INCLUDE_SOURCE;
				MTL_FAST_MATH = YES;
				ONLY_ACTIVE_ARCH = YES;
				SDKROOT = iphoneos;
				SWIFT_ACTIVE_COMPILATION_CONDITIONS = DEBUG;
				SWIFT_OPTIMIZATION_LEVEL = "-Onone";
			};
			name = Pay;
		};
		FF14419022C22A8B005F5AF8 /* Pay */ = {
			isa = XCBuildConfiguration;
			baseConfigurationReference = FF14419122C22A9C005F5AF8 /* Pay.xcconfig */;
			buildSettings = {
				ASSETCATALOG_COMPILER_APPICON_NAME = "${Z_APP_ICON}";
				CODE_SIGN_STYLE = Automatic;
				DEVELOPMENT_TEAM = DLVL4AD94D;
				INFOPLIST_FILE = Notes/Info.plist;
				LD_RUNPATH_SEARCH_PATHS = (
					"$(inherited)",
					"@executable_path/Frameworks",
				);
				PRODUCT_BUNDLE_IDENTIFIER = ru.kazakovanet.Notes;
				PRODUCT_NAME = "$(TARGET_NAME)";
				SWIFT_VERSION = 5.0;
				TARGETED_DEVICE_FAMILY = 1;
			};
			name = Pay;
		};
		FF2D91AF22C0DFE2001210DE /* Debug */ = {
			isa = XCBuildConfiguration;
			baseConfigurationReference = FF14419222C22B7C005F5AF8 /* Debug.xcconfig */;
			buildSettings = {
				ALWAYS_SEARCH_USER_PATHS = NO;
				CLANG_ANALYZER_NONNULL = YES;
				CLANG_ANALYZER_NUMBER_OBJECT_CONVERSION = YES_AGGRESSIVE;
				CLANG_CXX_LANGUAGE_STANDARD = "gnu++14";
				CLANG_CXX_LIBRARY = "libc++";
				CLANG_ENABLE_MODULES = YES;
				CLANG_ENABLE_OBJC_ARC = YES;
				CLANG_ENABLE_OBJC_WEAK = YES;
				CLANG_WARN_BLOCK_CAPTURE_AUTORELEASING = YES;
				CLANG_WARN_BOOL_CONVERSION = YES;
				CLANG_WARN_COMMA = YES;
				CLANG_WARN_CONSTANT_CONVERSION = YES;
				CLANG_WARN_DEPRECATED_OBJC_IMPLEMENTATIONS = YES;
				CLANG_WARN_DIRECT_OBJC_ISA_USAGE = YES_ERROR;
				CLANG_WARN_DOCUMENTATION_COMMENTS = YES;
				CLANG_WARN_EMPTY_BODY = YES;
				CLANG_WARN_ENUM_CONVERSION = YES;
				CLANG_WARN_INFINITE_RECURSION = YES;
				CLANG_WARN_INT_CONVERSION = YES;
				CLANG_WARN_NON_LITERAL_NULL_CONVERSION = YES;
				CLANG_WARN_OBJC_IMPLICIT_RETAIN_SELF = YES;
				CLANG_WARN_OBJC_LITERAL_CONVERSION = YES;
				CLANG_WARN_OBJC_ROOT_CLASS = YES_ERROR;
				CLANG_WARN_RANGE_LOOP_ANALYSIS = YES;
				CLANG_WARN_STRICT_PROTOTYPES = YES;
				CLANG_WARN_SUSPICIOUS_MOVE = YES;
				CLANG_WARN_UNGUARDED_AVAILABILITY = YES_AGGRESSIVE;
				CLANG_WARN_UNREACHABLE_CODE = YES;
				CLANG_WARN__DUPLICATE_METHOD_MATCH = YES;
				CODE_SIGN_IDENTITY = "iPhone Developer";
				COPY_PHASE_STRIP = NO;
				DEBUG_INFORMATION_FORMAT = dwarf;
				ENABLE_STRICT_OBJC_MSGSEND = YES;
				ENABLE_TESTABILITY = YES;
				GCC_C_LANGUAGE_STANDARD = gnu11;
				GCC_DYNAMIC_NO_PIC = NO;
				GCC_NO_COMMON_BLOCKS = YES;
				GCC_OPTIMIZATION_LEVEL = 0;
				GCC_PREPROCESSOR_DEFINITIONS = (
					"DEBUG=1",
					"$(inherited)",
				);
				GCC_WARN_64_TO_32_BIT_CONVERSION = YES;
				GCC_WARN_ABOUT_RETURN_TYPE = YES_ERROR;
				GCC_WARN_UNDECLARED_SELECTOR = YES;
				GCC_WARN_UNINITIALIZED_AUTOS = YES_AGGRESSIVE;
				GCC_WARN_UNUSED_FUNCTION = YES;
				GCC_WARN_UNUSED_VARIABLE = YES;
				IPHONEOS_DEPLOYMENT_TARGET = 12.2;
				MTL_ENABLE_DEBUG_INFO = INCLUDE_SOURCE;
				MTL_FAST_MATH = YES;
				ONLY_ACTIVE_ARCH = YES;
				SDKROOT = iphoneos;
				SWIFT_ACTIVE_COMPILATION_CONDITIONS = DEBUG;
				SWIFT_OPTIMIZATION_LEVEL = "-Onone";
			};
			name = Debug;
		};
		FF2D91B022C0DFE2001210DE /* Release */ = {
			isa = XCBuildConfiguration;
			baseConfigurationReference = FF14419322C22B89005F5AF8 /* Release.xcconfig */;
			buildSettings = {
				ALWAYS_SEARCH_USER_PATHS = NO;
				CLANG_ANALYZER_NONNULL = YES;
				CLANG_ANALYZER_NUMBER_OBJECT_CONVERSION = YES_AGGRESSIVE;
				CLANG_CXX_LANGUAGE_STANDARD = "gnu++14";
				CLANG_CXX_LIBRARY = "libc++";
				CLANG_ENABLE_MODULES = YES;
				CLANG_ENABLE_OBJC_ARC = YES;
				CLANG_ENABLE_OBJC_WEAK = YES;
				CLANG_WARN_BLOCK_CAPTURE_AUTORELEASING = YES;
				CLANG_WARN_BOOL_CONVERSION = YES;
				CLANG_WARN_COMMA = YES;
				CLANG_WARN_CONSTANT_CONVERSION = YES;
				CLANG_WARN_DEPRECATED_OBJC_IMPLEMENTATIONS = YES;
				CLANG_WARN_DIRECT_OBJC_ISA_USAGE = YES_ERROR;
				CLANG_WARN_DOCUMENTATION_COMMENTS = YES;
				CLANG_WARN_EMPTY_BODY = YES;
				CLANG_WARN_ENUM_CONVERSION = YES;
				CLANG_WARN_INFINITE_RECURSION = YES;
				CLANG_WARN_INT_CONVERSION = YES;
				CLANG_WARN_NON_LITERAL_NULL_CONVERSION = YES;
				CLANG_WARN_OBJC_IMPLICIT_RETAIN_SELF = YES;
				CLANG_WARN_OBJC_LITERAL_CONVERSION = YES;
				CLANG_WARN_OBJC_ROOT_CLASS = YES_ERROR;
				CLANG_WARN_RANGE_LOOP_ANALYSIS = YES;
				CLANG_WARN_STRICT_PROTOTYPES = YES;
				CLANG_WARN_SUSPICIOUS_MOVE = YES;
				CLANG_WARN_UNGUARDED_AVAILABILITY = YES_AGGRESSIVE;
				CLANG_WARN_UNREACHABLE_CODE = YES;
				CLANG_WARN__DUPLICATE_METHOD_MATCH = YES;
				CODE_SIGN_IDENTITY = "iPhone Developer";
				COPY_PHASE_STRIP = NO;
				DEBUG_INFORMATION_FORMAT = "dwarf-with-dsym";
				ENABLE_NS_ASSERTIONS = NO;
				ENABLE_STRICT_OBJC_MSGSEND = YES;
				GCC_C_LANGUAGE_STANDARD = gnu11;
				GCC_NO_COMMON_BLOCKS = YES;
				GCC_WARN_64_TO_32_BIT_CONVERSION = YES;
				GCC_WARN_ABOUT_RETURN_TYPE = YES_ERROR;
				GCC_WARN_UNDECLARED_SELECTOR = YES;
				GCC_WARN_UNINITIALIZED_AUTOS = YES_AGGRESSIVE;
				GCC_WARN_UNUSED_FUNCTION = YES;
				GCC_WARN_UNUSED_VARIABLE = YES;
				IPHONEOS_DEPLOYMENT_TARGET = 12.2;
				MTL_ENABLE_DEBUG_INFO = NO;
				MTL_FAST_MATH = YES;
				SDKROOT = iphoneos;
				SWIFT_COMPILATION_MODE = wholemodule;
				SWIFT_OPTIMIZATION_LEVEL = "-O";
				VALIDATE_PRODUCT = YES;
			};
			name = Release;
		};
		FF2D91B222C0DFE2001210DE /* Debug */ = {
			isa = XCBuildConfiguration;
			baseConfigurationReference = FF14419222C22B7C005F5AF8 /* Debug.xcconfig */;
			buildSettings = {
				ASSETCATALOG_COMPILER_APPICON_NAME = "${Z_APP_ICON}";
				CODE_SIGN_STYLE = Automatic;
				DEVELOPMENT_TEAM = DLVL4AD94D;
				INFOPLIST_FILE = Notes/Info.plist;
				LD_RUNPATH_SEARCH_PATHS = (
					"$(inherited)",
					"@executable_path/Frameworks",
				);
				PRODUCT_BUNDLE_IDENTIFIER = ru.kazakovanet.Notes;
				PRODUCT_NAME = "$(TARGET_NAME)";
				SWIFT_VERSION = 5.0;
				TARGETED_DEVICE_FAMILY = 1;
			};
			name = Debug;
		};
		FF2D91B322C0DFE2001210DE /* Release */ = {
			isa = XCBuildConfiguration;
			baseConfigurationReference = FF14419322C22B89005F5AF8 /* Release.xcconfig */;
			buildSettings = {
				ASSETCATALOG_COMPILER_APPICON_NAME = "${Z_APP_ICON}";
				CODE_SIGN_STYLE = Automatic;
				DEVELOPMENT_TEAM = DLVL4AD94D;
				INFOPLIST_FILE = Notes/Info.plist;
				LD_RUNPATH_SEARCH_PATHS = (
					"$(inherited)",
					"@executable_path/Frameworks",
				);
				PRODUCT_BUNDLE_IDENTIFIER = ru.kazakovanet.Notes;
				PRODUCT_NAME = "$(TARGET_NAME)";
				SWIFT_VERSION = 5.0;
				TARGETED_DEVICE_FAMILY = 1;
			};
			name = Release;
		};
		FFCC055722C77481003E9191 /* Debug */ = {
			isa = XCBuildConfiguration;
			buildSettings = {
				BUNDLE_LOADER = "$(TEST_HOST)";
				CODE_SIGN_STYLE = Automatic;
				INFOPLIST_FILE = NotesTests/Info.plist;
				LD_RUNPATH_SEARCH_PATHS = (
					"$(inherited)",
					"@executable_path/Frameworks",
					"@loader_path/Frameworks",
				);
				PRODUCT_BUNDLE_IDENTIFIER = ru.kazakovanet.NotesTests;
				PRODUCT_NAME = "$(TARGET_NAME)";
				SWIFT_VERSION = 5.0;
				TARGETED_DEVICE_FAMILY = "1,2";
				TEST_HOST = "$(BUILT_PRODUCTS_DIR)/Notes.app/Notes";
			};
			name = Debug;
		};
		FFCC055822C77481003E9191 /* Pay */ = {
			isa = XCBuildConfiguration;
			buildSettings = {
				BUNDLE_LOADER = "$(TEST_HOST)";
				CODE_SIGN_STYLE = Automatic;
				INFOPLIST_FILE = NotesTests/Info.plist;
				LD_RUNPATH_SEARCH_PATHS = (
					"$(inherited)",
					"@executable_path/Frameworks",
					"@loader_path/Frameworks",
				);
				PRODUCT_BUNDLE_IDENTIFIER = ru.kazakovanet.NotesTests;
				PRODUCT_NAME = "$(TARGET_NAME)";
				SWIFT_VERSION = 5.0;
				TARGETED_DEVICE_FAMILY = "1,2";
				TEST_HOST = "$(BUILT_PRODUCTS_DIR)/Notes.app/Notes";
			};
			name = Pay;
		};
		FFCC055922C77481003E9191 /* Free */ = {
			isa = XCBuildConfiguration;
			buildSettings = {
				BUNDLE_LOADER = "$(TEST_HOST)";
				CODE_SIGN_STYLE = Automatic;
				INFOPLIST_FILE = NotesTests/Info.plist;
				LD_RUNPATH_SEARCH_PATHS = (
					"$(inherited)",
					"@executable_path/Frameworks",
					"@loader_path/Frameworks",
				);
				PRODUCT_BUNDLE_IDENTIFIER = ru.kazakovanet.NotesTests;
				PRODUCT_NAME = "$(TARGET_NAME)";
				SWIFT_VERSION = 5.0;
				TARGETED_DEVICE_FAMILY = "1,2";
				TEST_HOST = "$(BUILT_PRODUCTS_DIR)/Notes.app/Notes";
			};
			name = Free;
		};
		FFCC055A22C77481003E9191 /* Release */ = {
			isa = XCBuildConfiguration;
			buildSettings = {
				BUNDLE_LOADER = "$(TEST_HOST)";
				CODE_SIGN_STYLE = Automatic;
				INFOPLIST_FILE = NotesTests/Info.plist;
				LD_RUNPATH_SEARCH_PATHS = (
					"$(inherited)",
					"@executable_path/Frameworks",
					"@loader_path/Frameworks",
				);
				PRODUCT_BUNDLE_IDENTIFIER = ru.kazakovanet.NotesTests;
				PRODUCT_NAME = "$(TARGET_NAME)";
				SWIFT_VERSION = 5.0;
				TARGETED_DEVICE_FAMILY = "1,2";
				TEST_HOST = "$(BUILT_PRODUCTS_DIR)/Notes.app/Notes";
			};
			name = Release;
		};
		FFCC056722C774A4003E9191 /* Debug */ = {
			isa = XCBuildConfiguration;
			buildSettings = {
				CODE_SIGN_STYLE = Automatic;
				INFOPLIST_FILE = NotesUITests/Info.plist;
				LD_RUNPATH_SEARCH_PATHS = (
					"$(inherited)",
					"@executable_path/Frameworks",
					"@loader_path/Frameworks",
				);
				PRODUCT_BUNDLE_IDENTIFIER = ru.kazakovanet.NotesUITests;
				PRODUCT_NAME = "$(TARGET_NAME)";
				SWIFT_VERSION = 5.0;
				TARGETED_DEVICE_FAMILY = "1,2";
				TEST_TARGET_NAME = Notes;
			};
			name = Debug;
		};
		FFCC056822C774A4003E9191 /* Pay */ = {
			isa = XCBuildConfiguration;
			buildSettings = {
				CODE_SIGN_STYLE = Automatic;
				INFOPLIST_FILE = NotesUITests/Info.plist;
				LD_RUNPATH_SEARCH_PATHS = (
					"$(inherited)",
					"@executable_path/Frameworks",
					"@loader_path/Frameworks",
				);
				PRODUCT_BUNDLE_IDENTIFIER = ru.kazakovanet.NotesUITests;
				PRODUCT_NAME = "$(TARGET_NAME)";
				SWIFT_VERSION = 5.0;
				TARGETED_DEVICE_FAMILY = "1,2";
				TEST_TARGET_NAME = Notes;
			};
			name = Pay;
		};
		FFCC056922C774A4003E9191 /* Free */ = {
			isa = XCBuildConfiguration;
			buildSettings = {
				CODE_SIGN_STYLE = Automatic;
				INFOPLIST_FILE = NotesUITests/Info.plist;
				LD_RUNPATH_SEARCH_PATHS = (
					"$(inherited)",
					"@executable_path/Frameworks",
					"@loader_path/Frameworks",
				);
				PRODUCT_BUNDLE_IDENTIFIER = ru.kazakovanet.NotesUITests;
				PRODUCT_NAME = "$(TARGET_NAME)";
				SWIFT_VERSION = 5.0;
				TARGETED_DEVICE_FAMILY = "1,2";
				TEST_TARGET_NAME = Notes;
			};
			name = Free;
		};
		FFCC056A22C774A4003E9191 /* Release */ = {
			isa = XCBuildConfiguration;
			buildSettings = {
				CODE_SIGN_STYLE = Automatic;
				INFOPLIST_FILE = NotesUITests/Info.plist;
				LD_RUNPATH_SEARCH_PATHS = (
					"$(inherited)",
					"@executable_path/Frameworks",
					"@loader_path/Frameworks",
				);
				PRODUCT_BUNDLE_IDENTIFIER = ru.kazakovanet.NotesUITests;
				PRODUCT_NAME = "$(TARGET_NAME)";
				SWIFT_VERSION = 5.0;
				TARGETED_DEVICE_FAMILY = "1,2";
				TEST_TARGET_NAME = Notes;
			};
			name = Release;
		};
/* End XCBuildConfiguration section */

/* Begin XCConfigurationList section */
		FF2D919A22C0DFE1001210DE /* Build configuration list for PBXProject "Notes" */ = {
			isa = XCConfigurationList;
			buildConfigurations = (
				FF2D91AF22C0DFE2001210DE /* Debug */,
				FF14418F22C22A8B005F5AF8 /* Pay */,
				FF14418C22C229B1005F5AF8 /* Free */,
				FF2D91B022C0DFE2001210DE /* Release */,
			);
			defaultConfigurationIsVisible = 0;
			defaultConfigurationName = Release;
		};
		FF2D91B122C0DFE2001210DE /* Build configuration list for PBXNativeTarget "Notes" */ = {
			isa = XCConfigurationList;
			buildConfigurations = (
				FF2D91B222C0DFE2001210DE /* Debug */,
				FF14419022C22A8B005F5AF8 /* Pay */,
				FF14418D22C229B1005F5AF8 /* Free */,
				FF2D91B322C0DFE2001210DE /* Release */,
			);
			defaultConfigurationIsVisible = 0;
			defaultConfigurationName = Release;
		};
		FFCC055622C77481003E9191 /* Build configuration list for PBXNativeTarget "NotesTests" */ = {
			isa = XCConfigurationList;
			buildConfigurations = (
				FFCC055722C77481003E9191 /* Debug */,
				FFCC055822C77481003E9191 /* Pay */,
				FFCC055922C77481003E9191 /* Free */,
				FFCC055A22C77481003E9191 /* Release */,
			);
			defaultConfigurationIsVisible = 0;
			defaultConfigurationName = Release;
		};
		FFCC056622C774A4003E9191 /* Build configuration list for PBXNativeTarget "NotesUITests" */ = {
			isa = XCConfigurationList;
			buildConfigurations = (
				FFCC056722C774A4003E9191 /* Debug */,
				FFCC056822C774A4003E9191 /* Pay */,
				FFCC056922C774A4003E9191 /* Free */,
				FFCC056A22C774A4003E9191 /* Release */,
			);
			defaultConfigurationIsVisible = 0;
			defaultConfigurationName = Release;
		};
/* End XCConfigurationList section */
	};
	rootObject = FF2D919722C0DFE1001210DE /* Project object */;
}
